
Microsoft Visual Studio Solution File, Format Version 11.00
# Visual Studio 2010
Project("{FAE04EC0-301F-11D3-BF4B-00C04F79EFBC}") = "Howell.Core", "Howell.Core\Howell.Core.csproj", "{F47C7337-0629-4EBF-89DB-C68BD5D23805}"
EndProject
Project("{FAE04EC0-301F-11D3-BF4B-00C04F79EFBC}") = "Howell.Core.Test", "Howell.Core.Test\Howell.Core.Test.csproj", "{E7C2F335-3005-412D-BF24-536C529F4E80}"
EndProject
Global
	GlobalSection(SolutionConfigurationPlatforms) = preSolution
		Debug|Any CPU = Debug|Any CPU
		Debug|Mixed Platforms = Debug|Mixed Platforms
		Debug|x86 = Debug|x86
		Release|Any CPU = Release|Any CPU
		Release|Mixed Platforms = Release|Mixed Platforms
		Release|x86 = Release|x86
	EndGlobalSection
	GlobalSection(ProjectConfigurationPlatforms) = postSolution
		{F47C7337-0629-4EBF-89DB-C68BD5D23805}.Debug|Any CPU.ActiveCfg = Debug|Any CPU
		{F47C7337-0629-4EBF-89DB-C68BD5D23805}.Debug|Any CPU.Build.0 = Debug|Any CPU
		{F47C7337-0629-4EBF-89DB-C68BD5D23805}.Debug|Mixed Platforms.ActiveCfg = Debug|Any CPU
		{F47C7337-0629-4EBF-89DB-C68BD5D23805}.Debug|Mixed Platforms.Build.0 = Debug|Any CPU
		{F47C7337-0629-4EBF-89DB-C68BD5D23805}.Debug|x86.ActiveCfg = Debug|Any CPU
		{F47C7337-0629-4EBF-89DB-C68BD5D23805}.Release|Any CPU.ActiveCfg = Release|Any CPU
		{F47C7337-0629-4EBF-89DB-C68BD5D23805}.Release|Any CPU.Build.0 = Release|Any CPU
		{F47C7337-0629-4EBF-89DB-C68BD5D23805}.Release|Mixed Platforms.ActiveCfg = Release|Any CPU
		{F47C7337-0629-4EBF-89DB-C68BD5D23805}.Release|Mixed Platforms.Build.0 = Release|Any CPU
		{F47C7337-0629-4EBF-89DB-C68BD5D23805}.Release|x86.ActiveCfg = Release|Any CPU
		{E7C2F335-3005-412D-BF24-536C529F4E80}.Debug|Any CPU.ActiveCfg = Debug|x86
		{E7C2F335-3005-412D-BF24-536C529F4E80}.Debug|Mixed Platforms.ActiveCfg = Debug|x86
		{E7C2F335-3005-412D-BF24-536C529F4E80}.Debug|Mixed Platforms.Build.0 = Debug|x86
		{E7C2F335-3005-412D-BF24-536C529F4E80}.Debug|x86.ActiveCfg = Debug|x86
		{E7C2F335-3005-412D-BF24-536C529F4E80}.Debug|x86.Build.0 = Debug|x86
		{E7C2F335-3005-412D-BF24-536C529F4E80}.Release|Any CPU.ActiveCfg = Release|x86
		{E7C2F335-3005-412D-BF24-536C529F4E80}.Release|Mixed Platforms.ActiveCfg = Release|x86
		{E7C2F335-3005-412D-BF24-536C529F4E80}.Release|Mixed Platforms.Build.0 = Release|x86
		{E7C2F335-3005-412D-BF24-536C529F4E80}.Release|x86.ActiveCfg = Release|x86
		{E7C2F335-3005-412D-BF24-536C529F4E80}.Release|x86.Build.0 = Release|x86
	EndGlobalSection
	GlobalSection(SolutionProperties) = preSolution
		HideSolutionNode = FALSE
	EndGlobalSection
EndGlobal
